
Microsoft Visual Studio Solution File, Format Version 12.00
# Visual Studio Version 17
VisualStudioVersion = 17.5.33502.453
MinimumVisualStudioVersion = 10.0.40219.1
Project("{9A19103F-16F7-4668-BE54-9A1E7A4F7556}") = "DocumentStorageEasyAppDemo", "DocumentStorageEasyAppDemo\DocumentStorageEasyAppDemo.csproj", "{9253C44A-6920-450E-A974-3D29EB6DFF3A}"
EndProject
Project("{9A19103F-16F7-4668-BE54-9A1E7A4F7556}") = "DocumentStorageEasyAppDemo.Core", "DocumentStorageEasyAppDemo.Core\DocumentStorageEasyAppDemo.Core.csproj", "{0CF25294-E233-4443-AAB9-E4C7E48F76F3}"
EndProject
Project("{FAE04EC0-301F-11D3-BF4B-00C04F79EFBC}") = "DocumentStorageEasyAppDemo.Tests", "DocumentStorageEasyAppDemo.Tests\DocumentStorageEasyAppDemo.Tests.csproj", "{86313E18-C8E3-4957-9092-75632369E43F}"
EndProject
Global
	GlobalSection(SolutionConfigurationPlatforms) = preSolution
		Debug|Any CPU = Debug|Any CPU
		Release|Any CPU = Release|Any CPU
	EndGlobalSection
	GlobalSection(ProjectConfigurationPlatforms) = postSolution
		{9253C44A-6920-450E-A974-3D29EB6DFF3A}.Debug|Any CPU.ActiveCfg = Debug|Any CPU
		{9253C44A-6920-450E-A974-3D29EB6DFF3A}.Debug|Any CPU.Build.0 = Debug|Any CPU
		{9253C44A-6920-450E-A974-3D29EB6DFF3A}.Release|Any CPU.ActiveCfg = Release|Any CPU
		{9253C44A-6920-450E-A974-3D29EB6DFF3A}.Release|Any CPU.Build.0 = Release|Any CPU
		{0CF25294-E233-4443-AAB9-E4C7E48F76F3}.Debug|Any CPU.ActiveCfg = Debug|Any CPU
		{0CF25294-E233-4443-AAB9-E4C7E48F76F3}.Debug|Any CPU.Build.0 = Debug|Any CPU
		{0CF25294-E233-4443-AAB9-E4C7E48F76F3}.Release|Any CPU.ActiveCfg = Release|Any CPU
		{0CF25294-E233-4443-AAB9-E4C7E48F76F3}.Release|Any CPU.Build.0 = Release|Any CPU
		{86313E18-C8E3-4957-9092-75632369E43F}.Debug|Any CPU.ActiveCfg = Debug|Any CPU
		{86313E18-C8E3-4957-9092-75632369E43F}.Debug|Any CPU.Build.0 = Debug|Any CPU
		{86313E18-C8E3-4957-9092-75632369E43F}.Release|Any CPU.ActiveCfg = Release|Any CPU
		{86313E18-C8E3-4957-9092-75632369E43F}.Release|Any CPU.Build.0 = Release|Any CPU
	EndGlobalSection
	GlobalSection(SolutionProperties) = preSolution
		HideSolutionNode = FALSE
	EndGlobalSection
	GlobalSection(ExtensibilityGlobals) = postSolution
		SolutionGuid = {6AB14AEB-0DB7-40F0-AF7C-EBF9A1F7CECC}
	EndGlobalSection
EndGlobal
